// !$*UTF8*$!
{
	archiveVersion = 1;
	classes = {
	};
	objectVersion = 56;
	objects = {

/* Begin PBXBuildFile section */
		9128A3012B9A9324000AAF92 /* TrailingIconLabelStyle.swift in Sources */ = {isa = PBXBuildFile; fileRef = 9128A3002B9A9324000AAF92 /* TrailingIconLabelStyle.swift */; };
		9128A3032B9E18C2000AAF92 /* ScrumsView.swift in Sources */ = {isa = PBXBuildFile; fileRef = 9128A3022B9E18C2000AAF92 /* ScrumsView.swift */; };
		9141240E2B9EA16E00C6CBC2 /* DetailView.swift in Sources */ = {isa = PBXBuildFile; fileRef = 9141240D2B9EA16E00C6CBC2 /* DetailView.swift */; };
		91F3BD172B7DDB9E00BBC235 /* ScrumdingerApp.swift in Sources */ = {isa = PBXBuildFile; fileRef = 91F3BD162B7DDB9E00BBC235 /* ScrumdingerApp.swift */; };
		91F3BD192B7DDB9E00BBC235 /* MeetingView.swift in Sources */ = {isa = PBXBuildFile; fileRef = 91F3BD182B7DDB9E00BBC235 /* MeetingView.swift */; };
		91F3BD1B2B7DDB9F00BBC235 /* Assets.xcassets in Resources */ = {isa = PBXBuildFile; fileRef = 91F3BD1A2B7DDB9F00BBC235 /* Assets.xcassets */; };
		91F3BD1E2B7DDBA000BBC235 /* Preview Assets.xcassets in Resources */ = {isa = PBXBuildFile; fileRef = 91F3BD1D2B7DDBA000BBC235 /* Preview Assets.xcassets */; };
		91F3BD282B7DDBA000BBC235 /* ScrumdingerTests.swift in Sources */ = {isa = PBXBuildFile; fileRef = 91F3BD272B7DDBA000BBC235 /* ScrumdingerTests.swift */; };
		91F3BD322B7DDBA000BBC235 /* ScrumdingerUITests.swift in Sources */ = {isa = PBXBuildFile; fileRef = 91F3BD312B7DDBA000BBC235 /* ScrumdingerUITests.swift */; };
		91F3BD342B7DDBA000BBC235 /* ScrumdingerUITestsLaunchTests.swift in Sources */ = {isa = PBXBuildFile; fileRef = 91F3BD332B7DDBA000BBC235 /* ScrumdingerUITestsLaunchTests.swift */; };
		91F3BD792B99982B00BBC235 /* Theme.swift in Sources */ = {isa = PBXBuildFile; fileRef = 91F3BD782B99982B00BBC235 /* Theme.swift */; };
		91F3BD7B2B99992A00BBC235 /* DailyScrum.swift in Sources */ = {isa = PBXBuildFile; fileRef = 91F3BD7A2B99992A00BBC235 /* DailyScrum.swift */; };
		91F3BD7D2B9999A700BBC235 /* Cardview.swift in Sources */ = {isa = PBXBuildFile; fileRef = 91F3BD7C2B9999A700BBC235 /* Cardview.swift */; };
/* End PBXBuildFile section */

/* Begin PBXContainerItemProxy section */
		91F3BD242B7DDBA000BBC235 /* PBXContainerItemProxy */ = {
			isa = PBXContainerItemProxy;
			containerPortal = 91F3BD0B2B7DDB9E00BBC235 /* Project object */;
			proxyType = 1;
			remoteGlobalIDString = 91F3BD122B7DDB9E00BBC235;
			remoteInfo = Scrumdinger;
		};
		91F3BD2E2B7DDBA000BBC235 /* PBXContainerItemProxy */ = {
			isa = PBXContainerItemProxy;
			containerPortal = 91F3BD0B2B7DDB9E00BBC235 /* Project object */;
			proxyType = 1;
			remoteGlobalIDString = 91F3BD122B7DDB9E00BBC235;
			remoteInfo = Scrumdinger;
		};
/* End PBXContainerItemProxy section */

/* Begin PBXFileReference section */
		9128A3002B9A9324000AAF92 /* TrailingIconLabelStyle.swift */ = {isa = PBXFileReference; lastKnownFileType = sourcecode.swift; path = TrailingIconLabelStyle.swift; sourceTree = "<group>"; };
		9128A3022B9E18C2000AAF92 /* ScrumsView.swift */ = {isa = PBXFileReference; lastKnownFileType = sourcecode.swift; path = ScrumsView.swift; sourceTree = "<group>"; };
		9141240D2B9EA16E00C6CBC2 /* DetailView.swift */ = {isa = PBXFileReference; lastKnownFileType = sourcecode.swift; path = DetailView.swift; sourceTree = "<group>"; };
		91F3BD132B7DDB9E00BBC235 /* Scrumdinger.app */ = {isa = PBXFileReference; explicitFileType = wrapper.application; includeInIndex = 0; path = Scrumdinger.app; sourceTree = BUILT_PRODUCTS_DIR; };
		91F3BD162B7DDB9E00BBC235 /* ScrumdingerApp.swift */ = {isa = PBXFileReference; lastKnownFileType = sourcecode.swift; path = ScrumdingerApp.swift; sourceTree = "<group>"; };
		91F3BD182B7DDB9E00BBC235 /* MeetingView.swift */ = {isa = PBXFileReference; lastKnownFileType = sourcecode.swift; path = MeetingView.swift; sourceTree = "<group>"; };
		91F3BD1A2B7DDB9F00BBC235 /* Assets.xcassets */ = {isa = PBXFileReference; lastKnownFileType = folder.assetcatalog; path = Assets.xcassets; sourceTree = "<group>"; };
		91F3BD1D2B7DDBA000BBC235 /* Preview Assets.xcassets */ = {isa = PBXFileReference; lastKnownFileType = folder.assetcatalog; path = "Preview Assets.xcassets"; sourceTree = "<group>"; };
		91F3BD232B7DDBA000BBC235 /* ScrumdingerTests.xctest */ = {isa = PBXFileReference; explicitFileType = wrapper.cfbundle; includeInIndex = 0; path = ScrumdingerTests.xctest; sourceTree = BUILT_PRODUCTS_DIR; };
		91F3BD272B7DDBA000BBC235 /* ScrumdingerTests.swift */ = {isa = PBXFileReference; lastKnownFileType = sourcecode.swift; path = ScrumdingerTests.swift; sourceTree = "<group>"; };
		91F3BD2D2B7DDBA000BBC235 /* ScrumdingerUITests.xctest */ = {isa = PBXFileReference; explicitFileType = wrapper.cfbundle; includeInIndex = 0; path = ScrumdingerUITests.xctest; sourceTree = BUILT_PRODUCTS_DIR; };
		91F3BD312B7DDBA000BBC235 /* ScrumdingerUITests.swift */ = {isa = PBXFileReference; lastKnownFileType = sourcecode.swift; path = ScrumdingerUITests.swift; sourceTree = "<group>"; };
		91F3BD332B7DDBA000BBC235 /* ScrumdingerUITestsLaunchTests.swift */ = {isa = PBXFileReference; lastKnownFileType = sourcecode.swift; path = ScrumdingerUITestsLaunchTests.swift; sourceTree = "<group>"; };
		91F3BD782B99982B00BBC235 /* Theme.swift */ = {isa = PBXFileReference; lastKnownFileType = sourcecode.swift; path = Theme.swift; sourceTree = "<group>"; };
		91F3BD7A2B99992A00BBC235 /* DailyScrum.swift */ = {isa = PBXFileReference; lastKnownFileType = sourcecode.swift; path = DailyScrum.swift; sourceTree = "<group>"; };
		91F3BD7C2B9999A700BBC235 /* Cardview.swift */ = {isa = PBXFileReference; lastKnownFileType = sourcecode.swift; path = Cardview.swift; sourceTree = "<group>"; };
/* End PBXFileReference section */

/* Begin PBXFrameworksBuildPhase section */
		91F3BD102B7DDB9E00BBC235 /* Frameworks */ = {
			isa = PBXFrameworksBuildPhase;
			buildActionMask = 2147483647;
			files = (
			);
			runOnlyForDeploymentPostprocessing = 0;
		};
		91F3BD202B7DDBA000BBC235 /* Frameworks */ = {
			isa = PBXFrameworksBuildPhase;
			buildActionMask = 2147483647;
			files = (
			);
			runOnlyForDeploymentPostprocessing = 0;
		};
		91F3BD2A2B7DDBA000BBC235 /* Frameworks */ = {
			isa = PBXFrameworksBuildPhase;
			buildActionMask = 2147483647;
			files = (
			);
			runOnlyForDeploymentPostprocessing = 0;
		};
/* End PBXFrameworksBuildPhase section */

/* Begin PBXGroup section */
		91F3BD0A2B7DDB9E00BBC235 = {
			isa = PBXGroup;
			children = (
				91F3BD152B7DDB9E00BBC235 /* Scrumdinger */,
				91F3BD262B7DDBA000BBC235 /* ScrumdingerTests */,
				91F3BD302B7DDBA000BBC235 /* ScrumdingerUITests */,
				91F3BD142B7DDB9E00BBC235 /* Products */,
			);
			sourceTree = "<group>";
		};
		91F3BD142B7DDB9E00BBC235 /* Products */ = {
			isa = PBXGroup;
			children = (
				91F3BD132B7DDB9E00BBC235 /* Scrumdinger.app */,
				91F3BD232B7DDBA000BBC235 /* ScrumdingerTests.xctest */,
				91F3BD2D2B7DDBA000BBC235 /* ScrumdingerUITests.xctest */,
			);
			name = Products;
			sourceTree = "<group>";
		};
		91F3BD152B7DDB9E00BBC235 /* Scrumdinger */ = {
			isa = PBXGroup;
			children = (
				91F3BD772B99980500BBC235 /* Models */,
				91F3BD162B7DDB9E00BBC235 /* ScrumdingerApp.swift */,
				91F3BD182B7DDB9E00BBC235 /* MeetingView.swift */,
				91F3BD1A2B7DDB9F00BBC235 /* Assets.xcassets */,
				91F3BD1C2B7DDBA000BBC235 /* Preview Content */,
				91F3BD7C2B9999A700BBC235 /* Cardview.swift */,
				9128A3002B9A9324000AAF92 /* TrailingIconLabelStyle.swift */,
				9128A3022B9E18C2000AAF92 /* ScrumsView.swift */,
				9141240D2B9EA16E00C6CBC2 /* DetailView.swift */,
			);
			path = Scrumdinger;
			sourceTree = "<group>";
		};
		91F3BD1C2B7DDBA000BBC235 /* Preview Content */ = {
			isa = PBXGroup;
			children = (
				91F3BD1D2B7DDBA000BBC235 /* Preview Assets.xcassets */,
			);
			path = "Preview Content";
			sourceTree = "<group>";
		};
		91F3BD262B7DDBA000BBC235 /* ScrumdingerTests */ = {
			isa = PBXGroup;
			children = (
				91F3BD272B7DDBA000BBC235 /* ScrumdingerTests.swift */,
			);
			path = ScrumdingerTests;
			sourceTree = "<group>";
		};
		91F3BD302B7DDBA000BBC235 /* ScrumdingerUITests */ = {
			isa = PBXGroup;
			children = (
				91F3BD312B7DDBA000BBC235 /* ScrumdingerUITests.swift */,
				91F3BD332B7DDBA000BBC235 /* ScrumdingerUITestsLaunchTests.swift */,
			);
			path = ScrumdingerUITests;
			sourceTree = "<group>";
		};
		91F3BD772B99980500BBC235 /* Models */ = {
			isa = PBXGroup;
			children = (
				91F3BD782B99982B00BBC235 /* Theme.swift */,
				91F3BD7A2B99992A00BBC235 /* DailyScrum.swift */,
			);
			path = Models;
			sourceTree = "<group>";
		};
/* End PBXGroup section */

/* Begin PBXNativeTarget section */
		91F3BD122B7DDB9E00BBC235 /* Scrumdinger */ = {
			isa = PBXNativeTarget;
			buildConfigurationList = 91F3BD372B7DDBA000BBC235 /* Build configuration list for PBXNativeTarget "Scrumdinger" */;
			buildPhases = (
				91F3BD0F2B7DDB9E00BBC235 /* Sources */,
				91F3BD102B7DDB9E00BBC235 /* Frameworks */,
				91F3BD112B7DDB9E00BBC235 /* Resources */,
			);
			buildRules = (
			);
			dependencies = (
			);
			name = Scrumdinger;
			productName = Scrumdinger;
			productReference = 91F3BD132B7DDB9E00BBC235 /* Scrumdinger.app */;
			productType = "com.apple.product-type.application";
		};
		91F3BD222B7DDBA000BBC235 /* ScrumdingerTests */ = {
			isa = PBXNativeTarget;
			buildConfigurationList = 91F3BD3A2B7DDBA000BBC235 /* Build configuration list for PBXNativeTarget "ScrumdingerTests" */;
			buildPhases = (
				91F3BD1F2B7DDBA000BBC235 /* Sources */,
				91F3BD202B7DDBA000BBC235 /* Frameworks */,
				91F3BD212B7DDBA000BBC235 /* Resources */,
			);
			buildRules = (
			);
			dependencies = (
				91F3BD252B7DDBA000BBC235 /* PBXTargetDependency */,
			);
			name = ScrumdingerTests;
			productName = ScrumdingerTests;
			productReference = 91F3BD232B7DDBA000BBC235 /* ScrumdingerTests.xctest */;
			productType = "com.apple.product-type.bundle.unit-test";
		};
		91F3BD2C2B7DDBA000BBC235 /* ScrumdingerUITests */ = {
			isa = PBXNativeTarget;
			buildConfigurationList = 91F3BD3D2B7DDBA000BBC235 /* Build configuration list for PBXNativeTarget "ScrumdingerUITests" */;
			buildPhases = (
				91F3BD292B7DDBA000BBC235 /* Sources */,
				91F3BD2A2B7DDBA000BBC235 /* Frameworks */,
				91F3BD2B2B7DDBA000BBC235 /* Resources */,
			);
			buildRules = (
			);
			dependencies = (
				91F3BD2F2B7DDBA000BBC235 /* PBXTargetDependency */,
			);
			name = ScrumdingerUITests;
			productName = ScrumdingerUITests;
			productReference = 91F3BD2D2B7DDBA000BBC235 /* ScrumdingerUITests.xctest */;
			productType = "com.apple.product-type.bundle.ui-testing";
		};
/* End PBXNativeTarget section */

/* Begin PBXProject section */
		91F3BD0B2B7DDB9E00BBC235 /* Project object */ = {
			isa = PBXProject;
			attributes = {
				BuildIndependentTargetsInParallel = 1;
				LastSwiftUpdateCheck = 1520;
				LastUpgradeCheck = 1520;
				TargetAttributes = {
					91F3BD122B7DDB9E00BBC235 = {
						CreatedOnToolsVersion = 15.2;
					};
					91F3BD222B7DDBA000BBC235 = {
						CreatedOnToolsVersion = 15.2;
						TestTargetID = 91F3BD122B7DDB9E00BBC235;
					};
					91F3BD2C2B7DDBA000BBC235 = {
						CreatedOnToolsVersion = 15.2;
						TestTargetID = 91F3BD122B7DDB9E00BBC235;
					};
				};
			};
			buildConfigurationList = 91F3BD0E2B7DDB9E00BBC235 /* Build configuration list for PBXProject "Scrumdinger" */;
			compatibilityVersion = "Xcode 14.0";
			developmentRegion = en;
			hasScannedForEncodings = 0;
			knownRegions = (
				en,
				Base,
			);
			mainGroup = 91F3BD0A2B7DDB9E00BBC235;
			productRefGroup = 91F3BD142B7DDB9E00BBC235 /* Products */;
			projectDirPath = "";
			projectRoot = "";
			targets = (
				91F3BD122B7DDB9E00BBC235 /* Scrumdinger */,
				91F3BD222B7DDBA000BBC235 /* ScrumdingerTests */,
				91F3BD2C2B7DDBA000BBC235 /* ScrumdingerUITests */,
			);
		};
/* End PBXProject section */

/* Begin PBXResourcesBuildPhase section */
		91F3BD112B7DDB9E00BBC235 /* Resources */ = {
			isa = PBXResourcesBuildPhase;
			buildActionMask = 2147483647;
			files = (
				91F3BD1E2B7DDBA000BBC235 /* Preview Assets.xcassets in Resources */,
				91F3BD1B2B7DDB9F00BBC235 /* Assets.xcassets in Resources */,
			);
			runOnlyForDeploymentPostprocessing = 0;
		};
		91F3BD212B7DDBA000BBC235 /* Resources */ = {
			isa = PBXResourcesBuildPhase;
			buildActionMask = 2147483647;
			files = (
			);
			runOnlyForDeploymentPostprocessing = 0;
		};
		91F3BD2B2B7DDBA000BBC235 /* Resources */ = {
			isa = PBXResourcesBuildPhase;
			buildActionMask = 2147483647;
			files = (
			);
			runOnlyForDeploymentPostprocessing = 0;
		};
/* End PBXResourcesBuildPhase section */

/* Begin PBXSourcesBuildPhase section */
		91F3BD0F2B7DDB9E00BBC235 /* Sources */ = {
			isa = PBXSourcesBuildPhase;
			buildActionMask = 2147483647;
			files = (
				91F3BD7B2B99992A00BBC235 /* DailyScrum.swift in Sources */,
				9141240E2B9EA16E00C6CBC2 /* DetailView.swift in Sources */,
				9128A3012B9A9324000AAF92 /* TrailingIconLabelStyle.swift in Sources */,
				91F3BD792B99982B00BBC235 /* Theme.swift in Sources */,
				9128A3032B9E18C2000AAF92 /* ScrumsView.swift in Sources */,
				91F3BD7D2B9999A700BBC235 /* Cardview.swift in Sources */,
				91F3BD192B7DDB9E00BBC235 /* MeetingView.swift in Sources */,
				91F3BD172B7DDB9E00BBC235 /* ScrumdingerApp.swift in Sources */,
			);
			runOnlyForDeploymentPostprocessing = 0;
		};
		91F3BD1F2B7DDBA000BBC235 /* Sources */ = {
			isa = PBXSourcesBuildPhase;
			buildActionMask = 2147483647;
			files = (
				91F3BD282B7DDBA000BBC235 /* ScrumdingerTests.swift in Sources */,
			);
			runOnlyForDeploymentPostprocessing = 0;
		};
		91F3BD292B7DDBA000BBC235 /* Sources */ = {
			isa = PBXSourcesBuildPhase;
			buildActionMask = 2147483647;
			files = (
				91F3BD342B7DDBA000BBC235 /* ScrumdingerUITestsLaunchTests.swift in Sources */,
				91F3BD322B7DDBA000BBC235 /* ScrumdingerUITests.swift in Sources */,
			);
			runOnlyForDeploymentPostprocessing = 0;
		};
/* End PBXSourcesBuildPhase section */

/* Begin PBXTargetDependency section */
		91F3BD252B7DDBA000BBC235 /* PBXTargetDependency */ = {
			isa = PBXTargetDependency;
			target = 91F3BD122B7DDB9E00BBC235 /* Scrumdinger */;
			targetProxy = 91F3BD242B7DDBA000BBC235 /* PBXContainerItemProxy */;
		};
		91F3BD2F2B7DDBA000BBC235 /* PBXTargetDependency */ = {
			isa = PBXTargetDependency;
			target = 91F3BD122B7DDB9E00BBC235 /* Scrumdinger */;
			targetProxy = 91F3BD2E2B7DDBA000BBC235 /* PBXContainerItemProxy */;
		};
/* End PBXTargetDependency section */

/* Begin XCBuildConfiguration section */
		91F3BD352B7DDBA000BBC235 /* Debug */ = {
			isa = XCBuildConfiguration;
			buildSettings = {
				ALWAYS_SEARCH_USER_PATHS = NO;
				ASSETCATALOG_COMPILER_GENERATE_SWIFT_ASSET_SYMBOL_EXTENSIONS = YES;
				CLANG_ANALYZER_NONNULL = YES;
				CLANG_ANALYZER_NUMBER_OBJECT_CONVERSION = YES_AGGRESSIVE;
				CLANG_CXX_LANGUAGE_STANDARD = "gnu++20";
				CLANG_ENABLE_MODULES = YES;
				CLANG_ENABLE_OBJC_ARC = YES;
				CLANG_ENABLE_OBJC_WEAK = YES;
				CLANG_WARN_BLOCK_CAPTURE_AUTORELEASING = YES;
				CLANG_WARN_BOOL_CONVERSION = YES;
				CLANG_WARN_COMMA = YES;
				CLANG_WARN_CONSTANT_CONVERSION = YES;
				CLANG_WARN_DEPRECATED_OBJC_IMPLEMENTATIONS = YES;
				CLANG_WARN_DIRECT_OBJC_ISA_USAGE = YES_ERROR;
				CLANG_WARN_DOCUMENTATION_COMMENTS = YES;
				CLANG_WARN_EMPTY_BODY = YES;
				CLANG_WARN_ENUM_CONVERSION = YES;
				CLANG_WARN_INFINITE_RECURSION = YES;
				CLANG_WARN_INT_CONVERSION = YES;
				CLANG_WARN_NON_LITERAL_NULL_CONVERSION = YES;
				CLANG_WARN_OBJC_IMPLICIT_RETAIN_SELF = YES;
				CLANG_WARN_OBJC_LITERAL_CONVERSION = YES;
				CLANG_WARN_OBJC_ROOT_CLASS = YES_ERROR;
				CLANG_WARN_QUOTED_INCLUDE_IN_FRAMEWORK_HEADER = YES;
				CLANG_WARN_RANGE_LOOP_ANALYSIS = YES;
				CLANG_WARN_STRICT_PROTOTYPES = YES;
				CLANG_WARN_SUSPICIOUS_MOVE = YES;
				CLANG_WARN_UNGUARDED_AVAILABILITY = YES_AGGRESSIVE;
				CLANG_WARN_UNREACHABLE_CODE = YES;
				CLANG_WARN__DUPLICATE_METHOD_MATCH = YES;
				COPY_PHASE_STRIP = NO;
				DEBUG_INFORMATION_FORMAT = dwarf;
				ENABLE_STRICT_OBJC_MSGSEND = YES;
				ENABLE_TESTABILITY = YES;
				ENABLE_USER_SCRIPT_SANDBOXING = YES;
				GCC_C_LANGUAGE_STANDARD = gnu17;
				GCC_DYNAMIC_NO_PIC = NO;
				GCC_NO_COMMON_BLOCKS = YES;
				GCC_OPTIMIZATION_LEVEL = 0;
				GCC_PREPROCESSOR_DEFINITIONS = (
					"DEBUG=1",
					"$(inherited)",
				);
				GCC_WARN_64_TO_32_BIT_CONVERSION = YES;
				GCC_WARN_ABOUT_RETURN_TYPE = YES_ERROR;
				GCC_WARN_UNDECLARED_SELECTOR = YES;
				GCC_WARN_UNINITIALIZED_AUTOS = YES_AGGRESSIVE;
				GCC_WARN_UNUSED_FUNCTION = YES;
				GCC_WARN_UNUSED_VARIABLE = YES;
				IPHONEOS_DEPLOYMENT_TARGET = 17.2;
				LOCALIZATION_PREFERS_STRING_CATALOGS = YES;
				MTL_ENABLE_DEBUG_INFO = INCLUDE_SOURCE;
				MTL_FAST_MATH = YES;
				ONLY_ACTIVE_ARCH = YES;
				SDKROOT = iphoneos;
				SWIFT_ACTIVE_COMPILATION_CONDITIONS = "DEBUG $(inherited)";
				SWIFT_OPTIMIZATION_LEVEL = "-Onone";
			};
			name = Debug;
		};
		91F3BD362B7DDBA000BBC235 /* Release */ = {
			isa = XCBuildConfiguration;
			buildSettings = {
				ALWAYS_SEARCH_USER_PATHS = NO;
				ASSETCATALOG_COMPILER_GENERATE_SWIFT_ASSET_SYMBOL_EXTENSIONS = YES;
				CLANG_ANALYZER_NONNULL = YES;
				CLANG_ANALYZER_NUMBER_OBJECT_CONVERSION = YES_AGGRESSIVE;
				CLANG_CXX_LANGUAGE_STANDARD = "gnu++20";
				CLANG_ENABLE_MODULES = YES;
				CLANG_ENABLE_OBJC_ARC = YES;
				CLANG_ENABLE_OBJC_WEAK = YES;
				CLANG_WARN_BLOCK_CAPTURE_AUTORELEASING = YES;
				CLANG_WARN_BOOL_CONVERSION = YES;
				CLANG_WARN_COMMA = YES;
				CLANG_WARN_CONSTANT_CONVERSION = YES;
				CLANG_WARN_DEPRECATED_OBJC_IMPLEMENTATIONS = YES;
				CLANG_WARN_DIRECT_OBJC_ISA_USAGE = YES_ERROR;
				CLANG_WARN_DOCUMENTATION_COMMENTS = YES;
				CLANG_WARN_EMPTY_BODY = YES;
				CLANG_WARN_ENUM_CONVERSION = YES;
				CLANG_WARN_INFINITE_RECURSION = YES;
				CLANG_WARN_INT_CONVERSION = YES;
				CLANG_WARN_NON_LITERAL_NULL_CONVERSION = YES;
				CLANG_WARN_OBJC_IMPLICIT_RETAIN_SELF = YES;
				CLANG_WARN_OBJC_LITERAL_CONVERSION = YES;
				CLANG_WARN_OBJC_ROOT_CLASS = YES_ERROR;
				CLANG_WARN_QUOTED_INCLUDE_IN_FRAMEWORK_HEADER = YES;
				CLANG_WARN_RANGE_LOOP_ANALYSIS = YES;
				CLANG_WARN_STRICT_PROTOTYPES = YES;
				CLANG_WARN_SUSPICIOUS_MOVE = YES;
				CLANG_WARN_UNGUARDED_AVAILABILITY = YES_AGGRESSIVE;
				CLANG_WARN_UNREACHABLE_CODE = YES;
				CLANG_WARN__DUPLICATE_METHOD_MATCH = YES;
				COPY_PHASE_STRIP = NO;
				DEBUG_INFORMATION_FORMAT = "dwarf-with-dsym";
				ENABLE_NS_ASSERTIONS = NO;
				ENABLE_STRICT_OBJC_MSGSEND = YES;
				ENABLE_USER_SCRIPT_SANDBOXING = YES;
				GCC_C_LANGUAGE_STANDARD = gnu17;
				GCC_NO_COMMON_BLOCKS = YES;
				GCC_WARN_64_TO_32_BIT_CONVERSION = YES;
				GCC_WARN_ABOUT_RETURN_TYPE = YES_ERROR;
				GCC_WARN_UNDECLARED_SELECTOR = YES;
				GCC_WARN_UNINITIALIZED_AUTOS = YES_AGGRESSIVE;
				GCC_WARN_UNUSED_FUNCTION = YES;
				GCC_WARN_UNUSED_VARIABLE = YES;
				IPHONEOS_DEPLOYMENT_TARGET = 17.2;
				LOCALIZATION_PREFERS_STRING_CATALOGS = YES;
				MTL_ENABLE_DEBUG_INFO = NO;
				MTL_FAST_MATH = YES;
				SDKROOT = iphoneos;
				SWIFT_COMPILATION_MODE = wholemodule;
				VALIDATE_PRODUCT = YES;
			};
			name = Release;
		};
		91F3BD382B7DDBA000BBC235 /* Debug */ = {
			isa = XCBuildConfiguration;
			buildSettings = {
				ASSETCATALOG_COMPILER_APPICON_NAME = AppIcon;
				ASSETCATALOG_COMPILER_GLOBAL_ACCENT_COLOR_NAME = AccentColor;
				CODE_SIGN_STYLE = Automatic;
				CURRENT_PROJECT_VERSION = 1;
				DEVELOPMENT_ASSET_PATHS = "\"Scrumdinger/Preview Content\"";
				ENABLE_PREVIEWS = YES;
				GENERATE_INFOPLIST_FILE = YES;
				INFOPLIST_KEY_UIApplicationSceneManifest_Generation = YES;
				INFOPLIST_KEY_UIApplicationSupportsIndirectInputEvents = YES;
				INFOPLIST_KEY_UILaunchScreen_Generation = YES;
				INFOPLIST_KEY_UISupportedInterfaceOrientations_iPad = "UIInterfaceOrientationPortrait UIInterfaceOrientationPortraitUpsideDown UIInterfaceOrientationLandscapeLeft UIInterfaceOrientationLandscapeRight";
				INFOPLIST_KEY_UISupportedInterfaceOrientations_iPhone = "UIInterfaceOrientationPortrait UIInterfaceOrientationLandscapeLeft UIInterfaceOrientationLandscapeRight";
				LD_RUNPATH_SEARCH_PATHS = (
					"$(inherited)",
					"@executable_path/Frameworks",
				);
				MARKETING_VERSION = 1.0;
				PRODUCT_BUNDLE_IDENTIFIER = "com.example.apple-samplecode.Scrumdinger";
				PRODUCT_NAME = "$(TARGET_NAME)";
				SWIFT_EMIT_LOC_STRINGS = YES;
				SWIFT_VERSION = 5.0;
				TARGETED_DEVICE_FAMILY = "1,2";
			};
			name = Debug;
		};
		91F3BD392B7DDBA000BBC235 /* Release */ = {
			isa = XCBuildConfiguration;
			buildSettings = {
				ASSETCATALOG_COMPILER_APPICON_NAME = AppIcon;
				ASSETCATALOG_COMPILER_GLOBAL_ACCENT_COLOR_NAME = AccentColor;
				CODE_SIGN_STYLE = Automatic;
				CURRENT_PROJECT_VERSION = 1;
				DEVELOPMENT_ASSET_PATHS = "\"Scrumdinger/Preview Content\"";
				ENABLE_PREVIEWS = YES;
				GENERATE_INFOPLIST_FILE = YES;
				INFOPLIST_KEY_UIApplicationSceneManifest_Generation = YES;
				INFOPLIST_KEY_UIApplicationSupportsIndirectInputEvents = YES;
				INFOPLIST_KEY_UILaunchScreen_Generation = YES;
				INFOPLIST_KEY_UISupportedInterfaceOrientations_iPad = "UIInterfaceOrientationPortrait UIInterfaceOrientationPortraitUpsideDown UIInterfaceOrientationLandscapeLeft UIInterfaceOrientationLandscapeRight";
				INFOPLIST_KEY_UISupportedInterfaceOrientations_iPhone = "UIInterfaceOrientationPortrait UIInterfaceOrientationLandscapeLeft UIInterfaceOrientationLandscapeRight";
				LD_RUNPATH_SEARCH_PATHS = (
					"$(inherited)",
					"@executable_path/Frameworks",
				);
				MARKETING_VERSION = 1.0;
				PRODUCT_BUNDLE_IDENTIFIER = "com.example.apple-samplecode.Scrumdinger";
				PRODUCT_NAME = "$(TARGET_NAME)";
				SWIFT_EMIT_LOC_STRINGS = YES;
				SWIFT_VERSION = 5.0;
				TARGETED_DEVICE_FAMILY = "1,2";
			};
			name = Release;
		};
		91F3BD3B2B7DDBA000BBC235 /* Debug */ = {
			isa = XCBuildConfiguration;
			buildSettings = {
				ALWAYS_EMBED_SWIFT_STANDARD_LIBRARIES = YES;
				BUNDLE_LOADER = "$(TEST_HOST)";
				CODE_SIGN_STYLE = Automatic;
				CURRENT_PROJECT_VERSION = 1;
				GENERATE_INFOPLIST_FILE = YES;
				IPHONEOS_DEPLOYMENT_TARGET = 17.2;
				MARKETING_VERSION = 1.0;
				PRODUCT_BUNDLE_IDENTIFIER = "com.example.apple-samplecode.ScrumdingerTests";
				PRODUCT_NAME = "$(TARGET_NAME)";
				SWIFT_EMIT_LOC_STRINGS = NO;
				SWIFT_VERSION = 5.0;
				TARGETED_DEVICE_FAMILY = "1,2";
				TEST_HOST = "$(BUILT_PRODUCTS_DIR)/Scrumdinger.app/$(BUNDLE_EXECUTABLE_FOLDER_PATH)/Scrumdinger";
			};
			name = Debug;
		};
		91F3BD3C2B7DDBA000BBC235 /* Release */ = {
			isa = XCBuildConfiguration;
			buildSettings = {
				ALWAYS_EMBED_SWIFT_STANDARD_LIBRARIES = YES;
				BUNDLE_LOADER = "$(TEST_HOST)";
				CODE_SIGN_STYLE = Automatic;
				CURRENT_PROJECT_VERSION = 1;
				GENERATE_INFOPLIST_FILE = YES;
				IPHONEOS_DEPLOYMENT_TARGET = 17.2;
				MARKETING_VERSION = 1.0;
				PRODUCT_BUNDLE_IDENTIFIER = "com.example.apple-samplecode.ScrumdingerTests";
				PRODUCT_NAME = "$(TARGET_NAME)";
				SWIFT_EMIT_LOC_STRINGS = NO;
				SWIFT_VERSION = 5.0;
				TARGETED_DEVICE_FAMILY = "1,2";
				TEST_HOST = "$(BUILT_PRODUCTS_DIR)/Scrumdinger.app/$(BUNDLE_EXECUTABLE_FOLDER_PATH)/Scrumdinger";
			};
			name = Release;
		};
		91F3BD3E2B7DDBA000BBC235 /* Debug */ = {
			isa = XCBuildConfiguration;
			buildSettings = {
				ALWAYS_EMBED_SWIFT_STANDARD_LIBRARIES = YES;
				CODE_SIGN_STYLE = Automatic;
				CURRENT_PROJECT_VERSION = 1;
				GENERATE_INFOPLIST_FILE = YES;
				MARKETING_VERSION = 1.0;
				PRODUCT_BUNDLE_IDENTIFIER = "com.example.apple-samplecode.ScrumdingerUITests";
				PRODUCT_NAME = "$(TARGET_NAME)";
				SWIFT_EMIT_LOC_STRINGS = NO;
				SWIFT_VERSION = 5.0;
				TARGETED_DEVICE_FAMILY = "1,2";
				TEST_TARGET_NAME = Scrumdinger;
			};
			name = Debug;
		};
		91F3BD3F2B7DDBA000BBC235 /* Release */ = {
			isa = XCBuildConfiguration;
			buildSettings = {
				ALWAYS_EMBED_SWIFT_STANDARD_LIBRARIES = YES;
				CODE_SIGN_STYLE = Automatic;
				CURRENT_PROJECT_VERSION = 1;
				GENERATE_INFOPLIST_FILE = YES;
				MARKETING_VERSION = 1.0;
				PRODUCT_BUNDLE_IDENTIFIER = "com.example.apple-samplecode.ScrumdingerUITests";
				PRODUCT_NAME = "$(TARGET_NAME)";
				SWIFT_EMIT_LOC_STRINGS = NO;
				SWIFT_VERSION = 5.0;
				TARGETED_DEVICE_FAMILY = "1,2";
				TEST_TARGET_NAME = Scrumdinger;
			};
			name = Release;
		};
/* End XCBuildConfiguration section */

/* Begin XCConfigurationList section */
		91F3BD0E2B7DDB9E00BBC235 /* Build configuration list for PBXProject "Scrumdinger" */ = {
			isa = XCConfigurationList;
			buildConfigurations = (
				91F3BD352B7DDBA000BBC235 /* Debug */,
				91F3BD362B7DDBA000BBC235 /* Release */,
			);
			defaultConfigurationIsVisible = 0;
			defaultConfigurationName = Release;
		};
		91F3BD372B7DDBA000BBC235 /* Build configuration list for PBXNativeTarget "Scrumdinger" */ = {
			isa = XCConfigurationList;
			buildConfigurations = (
				91F3BD382B7DDBA000BBC235 /* Debug */,
				91F3BD392B7DDBA000BBC235 /* Release */,
			);
			defaultConfigurationIsVisible = 0;
			defaultConfigurationName = Release;
		};
		91F3BD3A2B7DDBA000BBC235 /* Build configuration list for PBXNativeTarget "ScrumdingerTests" */ = {
			isa = XCConfigurationList;
			buildConfigurations = (
				91F3BD3B2B7DDBA000BBC235 /* Debug */,
				91F3BD3C2B7DDBA000BBC235 /* Release */,
			);
			defaultConfigurationIsVisible = 0;
			defaultConfigurationName = Release;
		};
		91F3BD3D2B7DDBA000BBC235 /* Build configuration list for PBXNativeTarget "ScrumdingerUITests" */ = {
			isa = XCConfigurationList;
			buildConfigurations = (
				91F3BD3E2B7DDBA000BBC235 /* Debug */,
				91F3BD3F2B7DDBA000BBC235 /* Release */,
			);
			defaultConfigurationIsVisible = 0;
			defaultConfigurationName = Release;
		};
/* End XCConfigurationList section */
	};
	rootObject = 91F3BD0B2B7DDB9E00BBC235 /* Project object */;
}
